{
  "name": "js",
  "version": "0.0.0",
  "lockfileVersion": 2,
  "requires": true,
  "packages": {
    "": {
      "name": "js",
      "version": "0.0.0",
      "dependencies": {
        "docdash": "^1.2.0",
        "esbuild": "^0.12.28"
      }
    },
    "node_modules/docdash": {
      "version": "1.2.0",
      "resolved": "https://registry.npmjs.org/docdash/-/docdash-1.2.0.tgz",
      "integrity": "sha512-IYZbgYthPTspgqYeciRJNPhSwL51yer7HAwDXhF5p+H7mTDbPvY3PCk/QDjNxdPCpWkaJVFC4t7iCNB/t9E5Kw=="
    },
    "node_modules/esbuild": {
      "version": "0.12.29",
      "resolved": "https://registry.npmjs.org/esbuild/-/esbuild-0.12.29.tgz",
      "integrity": "sha512-w/XuoBCSwepyiZtIRsKsetiLDUVGPVw1E/R3VTFSecIy8UR7Cq3SOtwKHJMFoVqqVG36aGkzh4e8BvpO1Fdc7g==",
      "hasInstallScript": true,
      "bin": {
        "esbuild": "bin/esbuild"
      }
    }
  },
  "dependencies": {
    "docdash": {
      "version": "1.2.0",
      "resolved": "https://registry.npmjs.org/docdash/-/docdash-1.2.0.tgz",
      "integrity": "sha512-IYZbgYthPTspgqYeciRJNPhSwL51yer7HAwDXhF5p+H7mTDbPvY3PCk/QDjNxdPCpWkaJVFC4t7iCNB/t9E5Kw=="
    },
    "esbuild": {
      "version": "0.12.29",
      "resolved": "https://registry.npmjs.org/esbuild/-/esbuild-0.12.29.tgz",
      "integrity": "sha512-w/XuoBCSwepyiZtIRsKsetiLDUVGPVw1E/R3VTFSecIy8UR7Cq3SOtwKHJMFoVqqVG36aGkzh4e8BvpO1Fdc7g=="
    }
  }
}
